
Microsoft Visual Studio Solution File, Format Version 12.00
# Visual Studio Version 17
VisualStudioVersion = 17.12.35707.178
MinimumVisualStudioVersion = 10.0.40219.1
Project("{FAE04EC0-301F-11D3-BF4B-00C04F79EFBC}") = "Posty", "Posty\Posty.csproj", "{FF6249D3-A5EE-4278-AE63-BFE4F80FD57B}"
EndProject
Project("{FAE04EC0-301F-11D3-BF4B-00C04F79EFBC}") = "Posty.Tests", "Posty.Tests\Posty.Tests.csproj", "{BF7F43B8-1CA2-4EF4-B3DF-F31D1E0D7D11}"
EndProject
Global
	GlobalSection(SolutionConfigurationPlatforms) = preSolution
		Debug|Any CPU = Debug|Any CPU
		Release|Any CPU = Release|Any CPU
	EndGlobalSection
	GlobalSection(ProjectConfigurationPlatforms) = postSolution
		{FF6249D3-A5EE-4278-AE63-BFE4F80FD57B}.Debug|Any CPU.ActiveCfg = Debug|Any CPU
		{FF6249D3-A5EE-4278-AE63-BFE4F80FD57B}.Debug|Any CPU.Build.0 = Debug|Any CPU
		{FF6249D3-A5EE-4278-AE63-BFE4F80FD57B}.Release|Any CPU.ActiveCfg = Release|Any CPU
		{FF6249D3-A5EE-4278-AE63-BFE4F80FD57B}.Release|Any CPU.Build.0 = Release|Any CPU
		{BF7F43B8-1CA2-4EF4-B3DF-F31D1E0D7D11}.Debug|Any CPU.ActiveCfg = Debug|Any CPU
		{BF7F43B8-1CA2-4EF4-B3DF-F31D1E0D7D11}.Debug|Any CPU.Build.0 = Debug|Any CPU
		{BF7F43B8-1CA2-4EF4-B3DF-F31D1E0D7D11}.Release|Any CPU.ActiveCfg = Release|Any CPU
		{BF7F43B8-1CA2-4EF4-B3DF-F31D1E0D7D11}.Release|Any CPU.Build.0 = Release|Any CPU
	EndGlobalSection
	GlobalSection(SolutionProperties) = preSolution
		HideSolutionNode = FALSE
	EndGlobalSection
EndGlobal
